
Microsoft Visual Studio Solution File, Format Version 12.00
# Visual Studio Version 16
VisualStudioVersion = 16.0.31205.134
MinimumVisualStudioVersion = 10.0.40219.1
Project("{FAE04EC0-301F-11D3-BF4B-00C04F79EFBC}") = "BankSystem", "BankSystem\BankSystem.csproj", "{C70511F0-2E07-480D-8DEB-A8620C408CD5}"
EndProject
Project("{FAE04EC0-301F-11D3-BF4B-00C04F79EFBC}") = "BankSystemModel_Libraly", "BankSystemModel_Libraly\BankSystemModel_Libraly.csproj", "{282439D8-4DAC-47F3-8340-23660BD2FB6E}"
EndProject
Global
	GlobalSection(SolutionConfigurationPlatforms) = preSolution
		Debug|Any CPU = Debug|Any CPU
		Release|Any CPU = Release|Any CPU
	EndGlobalSection
	GlobalSection(ProjectConfigurationPlatforms) = postSolution
		{C70511F0-2E07-480D-8DEB-A8620C408CD5}.Debug|Any CPU.ActiveCfg = Debug|Any CPU
		{C70511F0-2E07-480D-8DEB-A8620C408CD5}.Debug|Any CPU.Build.0 = Debug|Any CPU
		{C70511F0-2E07-480D-8DEB-A8620C408CD5}.Release|Any CPU.ActiveCfg = Release|Any CPU
		{C70511F0-2E07-480D-8DEB-A8620C408CD5}.Release|Any CPU.Build.0 = Release|Any CPU
		{282439D8-4DAC-47F3-8340-23660BD2FB6E}.Debug|Any CPU.ActiveCfg = Debug|Any CPU
		{282439D8-4DAC-47F3-8340-23660BD2FB6E}.Debug|Any CPU.Build.0 = Debug|Any CPU
		{282439D8-4DAC-47F3-8340-23660BD2FB6E}.Release|Any CPU.ActiveCfg = Release|Any CPU
		{282439D8-4DAC-47F3-8340-23660BD2FB6E}.Release|Any CPU.Build.0 = Release|Any CPU
	EndGlobalSection
	GlobalSection(SolutionProperties) = preSolution
		HideSolutionNode = FALSE
	EndGlobalSection
	GlobalSection(ExtensibilityGlobals) = postSolution
		SolutionGuid = {AEEE6A80-0700-4501-AF0B-4050CBE2106B}
	EndGlobalSection
EndGlobal
